
Microsoft Visual Studio Solution File, Format Version 12.00
# Visual Studio Version 17
VisualStudioVersion = 17.9.34902.65
MinimumVisualStudioVersion = 10.0.40219.1
Project("{9A19103F-16F7-4668-BE54-9A1E7A4F7556}") = "TiendaServicios.Api.Autor", "TiendaServicios.Api.Autor\TiendaServicios.Api.Autor.csproj", "{08E371DA-D89F-4C69-846E-AAD7E0165A66}"
EndProject
Project("{FAE04EC0-301F-11D3-BF4B-00C04F79EFBC}") = "TiendaServicios.Api.Libro", "TiendaServicios.Api.Libro\TiendaServicios.Api.Libro.csproj", "{2A663B08-47CD-48B9-9867-FAC51E6DE9A1}"
EndProject
Global
	GlobalSection(SolutionConfigurationPlatforms) = preSolution
		Debug|Any CPU = Debug|Any CPU
		Release|Any CPU = Release|Any CPU
	EndGlobalSection
	GlobalSection(ProjectConfigurationPlatforms) = postSolution
		{08E371DA-D89F-4C69-846E-AAD7E0165A66}.Debug|Any CPU.ActiveCfg = Debug|Any CPU
		{08E371DA-D89F-4C69-846E-AAD7E0165A66}.Debug|Any CPU.Build.0 = Debug|Any CPU
		{08E371DA-D89F-4C69-846E-AAD7E0165A66}.Release|Any CPU.ActiveCfg = Release|Any CPU
		{08E371DA-D89F-4C69-846E-AAD7E0165A66}.Release|Any CPU.Build.0 = Release|Any CPU
		{2A663B08-47CD-48B9-9867-FAC51E6DE9A1}.Debug|Any CPU.ActiveCfg = Debug|Any CPU
		{2A663B08-47CD-48B9-9867-FAC51E6DE9A1}.Debug|Any CPU.Build.0 = Debug|Any CPU
		{2A663B08-47CD-48B9-9867-FAC51E6DE9A1}.Release|Any CPU.ActiveCfg = Release|Any CPU
		{2A663B08-47CD-48B9-9867-FAC51E6DE9A1}.Release|Any CPU.Build.0 = Release|Any CPU
	EndGlobalSection
	GlobalSection(SolutionProperties) = preSolution
		HideSolutionNode = FALSE
	EndGlobalSection
	GlobalSection(ExtensibilityGlobals) = postSolution
		SolutionGuid = {A9C4A432-AE01-4716-94CA-5974C523F352}
	EndGlobalSection
EndGlobal
